// !$*UTF8*$!
{
	archiveVersion = 1;
	classes = {
	};
	objectVersion = 55;
	objects = {

/* Begin PBXBuildFile section */
		352C5BA43CCEE0B5E7FC853B /* Pods_FlixApp.framework in Frameworks */ = {isa = PBXBuildFile; fileRef = F29BF29E69DEB1704B92E6D4 /* Pods_FlixApp.framework */; };
		445F388C9A982AAB28E99860 /* Pods_FlixAppTests.framework in Frameworks */ = {isa = PBXBuildFile; fileRef = 20AF23769B7E4F99CCAE4F94 /* Pods_FlixAppTests.framework */; };
		A6EBB2FB01EBD8B0F21947D2 /* Pods_FlixApp_FlixAppUITests.framework in Frameworks */ = {isa = PBXBuildFile; fileRef = 6D090BBE38E6E9DEBFF30347 /* Pods_FlixApp_FlixAppUITests.framework */; };
		B027903D27B6050E008B85A0 /* MovieDetailsViewController.swift in Sources */ = {isa = PBXBuildFile; fileRef = B027903C27B6050E008B85A0 /* MovieDetailsViewController.swift */; };
		B03FAEB127B47C0600E8929D /* AppDelegate.swift in Sources */ = {isa = PBXBuildFile; fileRef = B03FAEB027B47C0600E8929D /* AppDelegate.swift */; };
		B03FAEB327B47C0600E8929D /* SceneDelegate.swift in Sources */ = {isa = PBXBuildFile; fileRef = B03FAEB227B47C0600E8929D /* SceneDelegate.swift */; };
		B03FAEB527B47C0600E8929D /* ViewController.swift in Sources */ = {isa = PBXBuildFile; fileRef = B03FAEB427B47C0600E8929D /* ViewController.swift */; };
		B03FAEB827B47C0600E8929D /* Main.storyboard in Resources */ = {isa = PBXBuildFile; fileRef = B03FAEB627B47C0600E8929D /* Main.storyboard */; };
		B03FAEBA27B47C0700E8929D /* Assets.xcassets in Resources */ = {isa = PBXBuildFile; fileRef = B03FAEB927B47C0700E8929D /* Assets.xcassets */; };
		B03FAEBD27B47C0700E8929D /* LaunchScreen.storyboard in Resources */ = {isa = PBXBuildFile; fileRef = B03FAEBB27B47C0700E8929D /* LaunchScreen.storyboard */; };
		B03FAEC827B47C0700E8929D /* FlixAppTests.swift in Sources */ = {isa = PBXBuildFile; fileRef = B03FAEC727B47C0700E8929D /* FlixAppTests.swift */; };
		B03FAED227B47C0700E8929D /* FlixAppUITests.swift in Sources */ = {isa = PBXBuildFile; fileRef = B03FAED127B47C0700E8929D /* FlixAppUITests.swift */; };
		B03FAED427B47C0700E8929D /* FlixAppUITestsLaunchTests.swift in Sources */ = {isa = PBXBuildFile; fileRef = B03FAED327B47C0700E8929D /* FlixAppUITestsLaunchTests.swift */; };
		B03FAEE327B488D600E8929D /* MovieCell.swift in Sources */ = {isa = PBXBuildFile; fileRef = B03FAEE227B488D600E8929D /* MovieCell.swift */; };
		B03FAEE627B4934200E8929D /* AlamofireImage in Frameworks */ = {isa = PBXBuildFile; productRef = B03FAEE527B4934200E8929D /* AlamofireImage */; };
		B0CDE14C27BC3E2000447EDF /* MovieGridController.swift in Sources */ = {isa = PBXBuildFile; fileRef = B0CDE14B27BC3E2000447EDF /* MovieGridController.swift */; };
		B0CDE14E27BC41C700447EDF /* MovieGridCell.swift in Sources */ = {isa = PBXBuildFile; fileRef = B0CDE14D27BC41C700447EDF /* MovieGridCell.swift */; };
/* End PBXBuildFile section */

/* Begin PBXContainerItemProxy section */
		B03FAEC427B47C0700E8929D /* PBXContainerItemProxy */ = {
			isa = PBXContainerItemProxy;
			containerPortal = B03FAEA527B47C0600E8929D /* Project object */;
			proxyType = 1;
			remoteGlobalIDString = B03FAEAC27B47C0600E8929D;
			remoteInfo = FlixApp;
		};
		B03FAECE27B47C0700E8929D /* PBXContainerItemProxy */ = {
			isa = PBXContainerItemProxy;
			containerPortal = B03FAEA527B47C0600E8929D /* Project object */;
			proxyType = 1;
			remoteGlobalIDString = B03FAEAC27B47C0600E8929D;
			remoteInfo = FlixApp;
		};
/* End PBXContainerItemProxy section */

/* Begin PBXFileReference section */
		1A7ECB9CD74A65D20A82E33A /* Pods-FlixApp-FlixAppUITests.debug.xcconfig */ = {isa = PBXFileReference; includeInIndex = 1; lastKnownFileType = text.xcconfig; name = "Pods-FlixApp-FlixAppUITests.debug.xcconfig"; path = "Target Support Files/Pods-FlixApp-FlixAppUITests/Pods-FlixApp-FlixAppUITests.debug.xcconfig"; sourceTree = "<group>"; };
		20AF23769B7E4F99CCAE4F94 /* Pods_FlixAppTests.framework */ = {isa = PBXFileReference; explicitFileType = wrapper.framework; includeInIndex = 0; path = Pods_FlixAppTests.framework; sourceTree = BUILT_PRODUCTS_DIR; };
		6D090BBE38E6E9DEBFF30347 /* Pods_FlixApp_FlixAppUITests.framework */ = {isa = PBXFileReference; explicitFileType = wrapper.framework; includeInIndex = 0; path = Pods_FlixApp_FlixAppUITests.framework; sourceTree = BUILT_PRODUCTS_DIR; };
		AF7EAFB2A33F3BFE230ECFBD /* Pods-FlixApp.release.xcconfig */ = {isa = PBXFileReference; includeInIndex = 1; lastKnownFileType = text.xcconfig; name = "Pods-FlixApp.release.xcconfig"; path = "Target Support Files/Pods-FlixApp/Pods-FlixApp.release.xcconfig"; sourceTree = "<group>"; };
		B027903C27B6050E008B85A0 /* MovieDetailsViewController.swift */ = {isa = PBXFileReference; lastKnownFileType = sourcecode.swift; path = MovieDetailsViewController.swift; sourceTree = "<group>"; };
		B03FAEAD27B47C0600E8929D /* FlixApp.app */ = {isa = PBXFileReference; explicitFileType = wrapper.application; includeInIndex = 0; path = FlixApp.app; sourceTree = BUILT_PRODUCTS_DIR; };
		B03FAEB027B47C0600E8929D /* AppDelegate.swift */ = {isa = PBXFileReference; lastKnownFileType = sourcecode.swift; path = AppDelegate.swift; sourceTree = "<group>"; };
		B03FAEB227B47C0600E8929D /* SceneDelegate.swift */ = {isa = PBXFileReference; lastKnownFileType = sourcecode.swift; path = SceneDelegate.swift; sourceTree = "<group>"; };
		B03FAEB427B47C0600E8929D /* ViewController.swift */ = {isa = PBXFileReference; lastKnownFileType = sourcecode.swift; path = ViewController.swift; sourceTree = "<group>"; };
		B03FAEB727B47C0600E8929D /* Base */ = {isa = PBXFileReference; lastKnownFileType = file.storyboard; name = Base; path = Base.lproj/Main.storyboard; sourceTree = "<group>"; };
		B03FAEB927B47C0700E8929D /* Assets.xcassets */ = {isa = PBXFileReference; lastKnownFileType = folder.assetcatalog; path = Assets.xcassets; sourceTree = "<group>"; };
		B03FAEBC27B47C0700E8929D /* Base */ = {isa = PBXFileReference; lastKnownFileType = file.storyboard; name = Base; path = Base.lproj/LaunchScreen.storyboard; sourceTree = "<group>"; };
		B03FAEBE27B47C0700E8929D /* Info.plist */ = {isa = PBXFileReference; lastKnownFileType = text.plist.xml; path = Info.plist; sourceTree = "<group>"; };
		B03FAEC327B47C0700E8929D /* FlixAppTests.xctest */ = {isa = PBXFileReference; explicitFileType = wrapper.cfbundle; includeInIndex = 0; path = FlixAppTests.xctest; sourceTree = BUILT_PRODUCTS_DIR; };
		B03FAEC727B47C0700E8929D /* FlixAppTests.swift */ = {isa = PBXFileReference; lastKnownFileType = sourcecode.swift; path = FlixAppTests.swift; sourceTree = "<group>"; };
		B03FAECD27B47C0700E8929D /* FlixAppUITests.xctest */ = {isa = PBXFileReference; explicitFileType = wrapper.cfbundle; includeInIndex = 0; path = FlixAppUITests.xctest; sourceTree = BUILT_PRODUCTS_DIR; };
		B03FAED127B47C0700E8929D /* FlixAppUITests.swift */ = {isa = PBXFileReference; lastKnownFileType = sourcecode.swift; path = FlixAppUITests.swift; sourceTree = "<group>"; };
		B03FAED327B47C0700E8929D /* FlixAppUITestsLaunchTests.swift */ = {isa = PBXFileReference; lastKnownFileType = sourcecode.swift; path = FlixAppUITestsLaunchTests.swift; sourceTree = "<group>"; };
		B03FAEE227B488D600E8929D /* MovieCell.swift */ = {isa = PBXFileReference; lastKnownFileType = sourcecode.swift; path = MovieCell.swift; sourceTree = "<group>"; };
		B0CDE14B27BC3E2000447EDF /* MovieGridController.swift */ = {isa = PBXFileReference; lastKnownFileType = sourcecode.swift; path = MovieGridController.swift; sourceTree = "<group>"; };
		B0CDE14D27BC41C700447EDF /* MovieGridCell.swift */ = {isa = PBXFileReference; lastKnownFileType = sourcecode.swift; path = MovieGridCell.swift; sourceTree = "<group>"; };
		B7B4AEBDA42EF80CDD04B2DB /* Pods-FlixApp.debug.xcconfig */ = {isa = PBXFileReference; includeInIndex = 1; lastKnownFileType = text.xcconfig; name = "Pods-FlixApp.debug.xcconfig"; path = "Target Support Files/Pods-FlixApp/Pods-FlixApp.debug.xcconfig"; sourceTree = "<group>"; };
		BB5281F6B1CA5CE55E13531B /* Pods-FlixAppTests.release.xcconfig */ = {isa = PBXFileReference; includeInIndex = 1; lastKnownFileType = text.xcconfig; name = "Pods-FlixAppTests.release.xcconfig"; path = "Target Support Files/Pods-FlixAppTests/Pods-FlixAppTests.release.xcconfig"; sourceTree = "<group>"; };
		DB8278D9A665CFCB3DE707C6 /* Pods-FlixAppTests.debug.xcconfig */ = {isa = PBXFileReference; includeInIndex = 1; lastKnownFileType = text.xcconfig; name = "Pods-FlixAppTests.debug.xcconfig"; path = "Target Support Files/Pods-FlixAppTests/Pods-FlixAppTests.debug.xcconfig"; sourceTree = "<group>"; };
		F29BF29E69DEB1704B92E6D4 /* Pods_FlixApp.framework */ = {isa = PBXFileReference; explicitFileType = wrapper.framework; includeInIndex = 0; path = Pods_FlixApp.framework; sourceTree = BUILT_PRODUCTS_DIR; };
		F4385F61A89BA023864B4B48 /* Pods-FlixApp-FlixAppUITests.release.xcconfig */ = {isa = PBXFileReference; includeInIndex = 1; lastKnownFileType = text.xcconfig; name = "Pods-FlixApp-FlixAppUITests.release.xcconfig"; path = "Target Support Files/Pods-FlixApp-FlixAppUITests/Pods-FlixApp-FlixAppUITests.release.xcconfig"; sourceTree = "<group>"; };
/* End PBXFileReference section */

/* Begin PBXFrameworksBuildPhase section */
		B03FAEAA27B47C0600E8929D /* Frameworks */ = {
			isa = PBXFrameworksBuildPhase;
			buildActionMask = 2147483647;
			files = (
				B03FAEE627B4934200E8929D /* AlamofireImage in Frameworks */,
				352C5BA43CCEE0B5E7FC853B /* Pods_FlixApp.framework in Frameworks */,
			);
			runOnlyForDeploymentPostprocessing = 0;
		};
		B03FAEC027B47C0700E8929D /* Frameworks */ = {
			isa = PBXFrameworksBuildPhase;
			buildActionMask = 2147483647;
			files = (
				445F388C9A982AAB28E99860 /* Pods_FlixAppTests.framework in Frameworks */,
			);
			runOnlyForDeploymentPostprocessing = 0;
		};
		B03FAECA27B47C0700E8929D /* Frameworks */ = {
			isa = PBXFrameworksBuildPhase;
			buildActionMask = 2147483647;
			files = (
				A6EBB2FB01EBD8B0F21947D2 /* Pods_FlixApp_FlixAppUITests.framework in Frameworks */,
			);
			runOnlyForDeploymentPostprocessing = 0;
		};
/* End PBXFrameworksBuildPhase section */

/* Begin PBXGroup section */
		4BEF5BFE3F987FF875C35E70 /* Pods */ = {
			isa = PBXGroup;
			children = (
				B7B4AEBDA42EF80CDD04B2DB /* Pods-FlixApp.debug.xcconfig */,
				AF7EAFB2A33F3BFE230ECFBD /* Pods-FlixApp.release.xcconfig */,
				1A7ECB9CD74A65D20A82E33A /* Pods-FlixApp-FlixAppUITests.debug.xcconfig */,
				F4385F61A89BA023864B4B48 /* Pods-FlixApp-FlixAppUITests.release.xcconfig */,
				DB8278D9A665CFCB3DE707C6 /* Pods-FlixAppTests.debug.xcconfig */,
				BB5281F6B1CA5CE55E13531B /* Pods-FlixAppTests.release.xcconfig */,
			);
			path = Pods;
			sourceTree = "<group>";
		};
		B03FAEA427B47C0600E8929D = {
			isa = PBXGroup;
			children = (
				B03FAEAF27B47C0600E8929D /* FlixApp */,
				B03FAEC627B47C0700E8929D /* FlixAppTests */,
				B03FAED027B47C0700E8929D /* FlixAppUITests */,
				B03FAEAE27B47C0600E8929D /* Products */,
				4BEF5BFE3F987FF875C35E70 /* Pods */,
				E1FD39ACB3CF9F05313955CD /* Frameworks */,
			);
			sourceTree = "<group>";
		};
		B03FAEAE27B47C0600E8929D /* Products */ = {
			isa = PBXGroup;
			children = (
				B03FAEAD27B47C0600E8929D /* FlixApp.app */,
				B03FAEC327B47C0700E8929D /* FlixAppTests.xctest */,
				B03FAECD27B47C0700E8929D /* FlixAppUITests.xctest */,
			);
			name = Products;
			sourceTree = "<group>";
		};
		B03FAEAF27B47C0600E8929D /* FlixApp */ = {
			isa = PBXGroup;
			children = (
				B03FAEB027B47C0600E8929D /* AppDelegate.swift */,
				B03FAEB227B47C0600E8929D /* SceneDelegate.swift */,
				B03FAEB427B47C0600E8929D /* ViewController.swift */,
				B03FAEB627B47C0600E8929D /* Main.storyboard */,
				B0CDE14D27BC41C700447EDF /* MovieGridCell.swift */,
				B0CDE14B27BC3E2000447EDF /* MovieGridController.swift */,
				B027903C27B6050E008B85A0 /* MovieDetailsViewController.swift */,
				B03FAEB927B47C0700E8929D /* Assets.xcassets */,
				B03FAEBB27B47C0700E8929D /* LaunchScreen.storyboard */,
				B03FAEBE27B47C0700E8929D /* Info.plist */,
				B03FAEE227B488D600E8929D /* MovieCell.swift */,
			);
			path = FlixApp;
			sourceTree = "<group>";
		};
		B03FAEC627B47C0700E8929D /* FlixAppTests */ = {
			isa = PBXGroup;
			children = (
				B03FAEC727B47C0700E8929D /* FlixAppTests.swift */,
			);
			path = FlixAppTests;
			sourceTree = "<group>";
		};
		B03FAED027B47C0700E8929D /* FlixAppUITests */ = {
			isa = PBXGroup;
			children = (
				B03FAED127B47C0700E8929D /* FlixAppUITests.swift */,
				B03FAED327B47C0700E8929D /* FlixAppUITestsLaunchTests.swift */,
			);
			path = FlixAppUITests;
			sourceTree = "<group>";
		};
		E1FD39ACB3CF9F05313955CD /* Frameworks */ = {
			isa = PBXGroup;
			children = (
				F29BF29E69DEB1704B92E6D4 /* Pods_FlixApp.framework */,
				6D090BBE38E6E9DEBFF30347 /* Pods_FlixApp_FlixAppUITests.framework */,
				20AF23769B7E4F99CCAE4F94 /* Pods_FlixAppTests.framework */,
			);
			name = Frameworks;
			sourceTree = "<group>";
		};
/* End PBXGroup section */

/* Begin PBXNativeTarget section */
		B03FAEAC27B47C0600E8929D /* FlixApp */ = {
			isa = PBXNativeTarget;
			buildConfigurationList = B03FAED727B47C0700E8929D /* Build configuration list for PBXNativeTarget "FlixApp" */;
			buildPhases = (
				58A34C3D5D01444A15DC100A /* [CP] Check Pods Manifest.lock */,
				B03FAEA927B47C0600E8929D /* Sources */,
				B03FAEAA27B47C0600E8929D /* Frameworks */,
				B03FAEAB27B47C0600E8929D /* Resources */,
				27B584C5BE5993BAD91247CE /* [CP] Embed Pods Frameworks */,
			);
			buildRules = (
			);
			dependencies = (
			);
			name = FlixApp;
			packageProductDependencies = (
				B03FAEE527B4934200E8929D /* AlamofireImage */,
			);
			productName = FlixApp;
			productReference = B03FAEAD27B47C0600E8929D /* FlixApp.app */;
			productType = "com.apple.product-type.application";
		};
		B03FAEC227B47C0700E8929D /* FlixAppTests */ = {
			isa = PBXNativeTarget;
			buildConfigurationList = B03FAEDA27B47C0700E8929D /* Build configuration list for PBXNativeTarget "FlixAppTests" */;
			buildPhases = (
				B8385E849CBA9D40439722E9 /* [CP] Check Pods Manifest.lock */,
				B03FAEBF27B47C0700E8929D /* Sources */,
				B03FAEC027B47C0700E8929D /* Frameworks */,
				B03FAEC127B47C0700E8929D /* Resources */,
			);
			buildRules = (
			);
			dependencies = (
				B03FAEC527B47C0700E8929D /* PBXTargetDependency */,
			);
			name = FlixAppTests;
			productName = FlixAppTests;
			productReference = B03FAEC327B47C0700E8929D /* FlixAppTests.xctest */;
			productType = "com.apple.product-type.bundle.unit-test";
		};
		B03FAECC27B47C0700E8929D /* FlixAppUITests */ = {
			isa = PBXNativeTarget;
			buildConfigurationList = B03FAEDD27B47C0700E8929D /* Build configuration list for PBXNativeTarget "FlixAppUITests" */;
			buildPhases = (
				2A5BE49435D3BA00FB518989 /* [CP] Check Pods Manifest.lock */,
				B03FAEC927B47C0700E8929D /* Sources */,
				B03FAECA27B47C0700E8929D /* Frameworks */,
				B03FAECB27B47C0700E8929D /* Resources */,
				F387B50F5F0BA836CD0734E9 /* [CP] Embed Pods Frameworks */,
			);
			buildRules = (
			);
			dependencies = (
				B03FAECF27B47C0700E8929D /* PBXTargetDependency */,
			);
			name = FlixAppUITests;
			productName = FlixAppUITests;
			productReference = B03FAECD27B47C0700E8929D /* FlixAppUITests.xctest */;
			productType = "com.apple.product-type.bundle.ui-testing";
		};
/* End PBXNativeTarget section */

/* Begin PBXProject section */
		B03FAEA527B47C0600E8929D /* Project object */ = {
			isa = PBXProject;
			attributes = {
				BuildIndependentTargetsInParallel = 1;
				LastSwiftUpdateCheck = 1310;
				LastUpgradeCheck = 1310;
				TargetAttributes = {
					B03FAEAC27B47C0600E8929D = {
						CreatedOnToolsVersion = 13.1;
					};
					B03FAEC227B47C0700E8929D = {
						CreatedOnToolsVersion = 13.1;
						TestTargetID = B03FAEAC27B47C0600E8929D;
					};
					B03FAECC27B47C0700E8929D = {
						CreatedOnToolsVersion = 13.1;
						TestTargetID = B03FAEAC27B47C0600E8929D;
					};
				};
			};
			buildConfigurationList = B03FAEA827B47C0600E8929D /* Build configuration list for PBXProject "FlixApp" */;
			compatibilityVersion = "Xcode 13.0";
			developmentRegion = en;
			hasScannedForEncodings = 0;
			knownRegions = (
				en,
				Base,
			);
			mainGroup = B03FAEA427B47C0600E8929D;
			packageReferences = (
				B03FAEE427B4934200E8929D /* XCRemoteSwiftPackageReference "AlamofireImage" */,
			);
			productRefGroup = B03FAEAE27B47C0600E8929D /* Products */;
			projectDirPath = "";
			projectRoot = "";
			targets = (
				B03FAEAC27B47C0600E8929D /* FlixApp */,
				B03FAEC227B47C0700E8929D /* FlixAppTests */,
				B03FAECC27B47C0700E8929D /* FlixAppUITests */,
			);
		};
/* End PBXProject section */

/* Begin PBXResourcesBuildPhase section */
		B03FAEAB27B47C0600E8929D /* Resources */ = {
			isa = PBXResourcesBuildPhase;
			buildActionMask = 2147483647;
			files = (
				B03FAEBD27B47C0700E8929D /* LaunchScreen.storyboard in Resources */,
				B03FAEBA27B47C0700E8929D /* Assets.xcassets in Resources */,
				B03FAEB827B47C0600E8929D /* Main.storyboard in Resources */,
			);
			runOnlyForDeploymentPostprocessing = 0;
		};
		B03FAEC127B47C0700E8929D /* Resources */ = {
			isa = PBXResourcesBuildPhase;
			buildActionMask = 2147483647;
			files = (
			);
			runOnlyForDeploymentPostprocessing = 0;
		};
		B03FAECB27B47C0700E8929D /* Resources */ = {
			isa = PBXResourcesBuildPhase;
			buildActionMask = 2147483647;
			files = (
			);
			runOnlyForDeploymentPostprocessing = 0;
		};
/* End PBXResourcesBuildPhase section */

/* Begin PBXShellScriptBuildPhase section */
		27B584C5BE5993BAD91247CE /* [CP] Embed Pods Frameworks */ = {
			isa = PBXShellScriptBuildPhase;
			buildActionMask = 2147483647;
			files = (
			);
			inputFileListPaths = (
				"${PODS_ROOT}/Target Support Files/Pods-FlixApp/Pods-FlixApp-frameworks-${CONFIGURATION}-input-files.xcfilelist",
			);
			name = "[CP] Embed Pods Frameworks";
			outputFileListPaths = (
				"${PODS_ROOT}/Target Support Files/Pods-FlixApp/Pods-FlixApp-frameworks-${CONFIGURATION}-output-files.xcfilelist",
			);
			runOnlyForDeploymentPostprocessing = 0;
			shellPath = /bin/sh;
			shellScript = "\"${PODS_ROOT}/Target Support Files/Pods-FlixApp/Pods-FlixApp-frameworks.sh\"\n";
			showEnvVarsInLog = 0;
		};
		2A5BE49435D3BA00FB518989 /* [CP] Check Pods Manifest.lock */ = {
			isa = PBXShellScriptBuildPhase;
			buildActionMask = 2147483647;
			files = (
			);
			inputFileListPaths = (
			);
			inputPaths = (
				"${PODS_PODFILE_DIR_PATH}/Podfile.lock",
				"${PODS_ROOT}/Manifest.lock",
			);
			name = "[CP] Check Pods Manifest.lock";
			outputFileListPaths = (
			);
			outputPaths = (
				"$(DERIVED_FILE_DIR)/Pods-FlixApp-FlixAppUITests-checkManifestLockResult.txt",
			);
			runOnlyForDeploymentPostprocessing = 0;
			shellPath = /bin/sh;
			shellScript = "diff \"${PODS_PODFILE_DIR_PATH}/Podfile.lock\" \"${PODS_ROOT}/Manifest.lock\" > /dev/null\nif [ $? != 0 ] ; then\n    # print error to STDERR\n    echo \"error: The sandbox is not in sync with the Podfile.lock. Run 'pod install' or update your CocoaPods installation.\" >&2\n    exit 1\nfi\n# This output is used by Xcode 'outputs' to avoid re-running this script phase.\necho \"SUCCESS\" > \"${SCRIPT_OUTPUT_FILE_0}\"\n";
			showEnvVarsInLog = 0;
		};
		58A34C3D5D01444A15DC100A /* [CP] Check Pods Manifest.lock */ = {
			isa = PBXShellScriptBuildPhase;
			buildActionMask = 2147483647;
			files = (
			);
			inputFileListPaths = (
			);
			inputPaths = (
				"${PODS_PODFILE_DIR_PATH}/Podfile.lock",
				"${PODS_ROOT}/Manifest.lock",
			);
			name = "[CP] Check Pods Manifest.lock";
			outputFileListPaths = (
			);
			outputPaths = (
				"$(DERIVED_FILE_DIR)/Pods-FlixApp-checkManifestLockResult.txt",
			);
			runOnlyForDeploymentPostprocessing = 0;
			shellPath = /bin/sh;
			shellScript = "diff \"${PODS_PODFILE_DIR_PATH}/Podfile.lock\" \"${PODS_ROOT}/Manifest.lock\" > /dev/null\nif [ $? != 0 ] ; then\n    # print error to STDERR\n    echo \"error: The sandbox is not in sync with the Podfile.lock. Run 'pod install' or update your CocoaPods installation.\" >&2\n    exit 1\nfi\n# This output is used by Xcode 'outputs' to avoid re-running this script phase.\necho \"SUCCESS\" > \"${SCRIPT_OUTPUT_FILE_0}\"\n";
			showEnvVarsInLog = 0;
		};
		B8385E849CBA9D40439722E9 /* [CP] Check Pods Manifest.lock */ = {
			isa = PBXShellScriptBuildPhase;
			buildActionMask = 2147483647;
			files = (
			);
			inputFileListPaths = (
			);
			inputPaths = (
				"${PODS_PODFILE_DIR_PATH}/Podfile.lock",
				"${PODS_ROOT}/Manifest.lock",
			);
			name = "[CP] Check Pods Manifest.lock";
			outputFileListPaths = (
			);
			outputPaths = (
				"$(DERIVED_FILE_DIR)/Pods-FlixAppTests-checkManifestLockResult.txt",
			);
			runOnlyForDeploymentPostprocessing = 0;
			shellPath = /bin/sh;
			shellScript = "diff \"${PODS_PODFILE_DIR_PATH}/Podfile.lock\" \"${PODS_ROOT}/Manifest.lock\" > /dev/null\nif [ $? != 0 ] ; then\n    # print error to STDERR\n    echo \"error: The sandbox is not in sync with the Podfile.lock. Run 'pod install' or update your CocoaPods installation.\" >&2\n    exit 1\nfi\n# This output is used by Xcode 'outputs' to avoid re-running this script phase.\necho \"SUCCESS\" > \"${SCRIPT_OUTPUT_FILE_0}\"\n";
			showEnvVarsInLog = 0;
		};
		F387B50F5F0BA836CD0734E9 /* [CP] Embed Pods Frameworks */ = {
			isa = PBXShellScriptBuildPhase;
			buildActionMask = 2147483647;
			files = (
			);
			inputFileListPaths = (
				"${PODS_ROOT}/Target Support Files/Pods-FlixApp-FlixAppUITests/Pods-FlixApp-FlixAppUITests-frameworks-${CONFIGURATION}-input-files.xcfilelist",
			);
			name = "[CP] Embed Pods Frameworks";
			outputFileListPaths = (
				"${PODS_ROOT}/Target Support Files/Pods-FlixApp-FlixAppUITests/Pods-FlixApp-FlixAppUITests-frameworks-${CONFIGURATION}-output-files.xcfilelist",
			);
			runOnlyForDeploymentPostprocessing = 0;
			shellPath = /bin/sh;
			shellScript = "\"${PODS_ROOT}/Target Support Files/Pods-FlixApp-FlixAppUITests/Pods-FlixApp-FlixAppUITests-frameworks.sh\"\n";
			showEnvVarsInLog = 0;
		};
/* End PBXShellScriptBuildPhase section */

/* Begin PBXSourcesBuildPhase section */
		B03FAEA927B47C0600E8929D /* Sources */ = {
			isa = PBXSourcesBuildPhase;
			buildActionMask = 2147483647;
			files = (
				B027903D27B6050E008B85A0 /* MovieDetailsViewController.swift in Sources */,
				B03FAEB527B47C0600E8929D /* ViewController.swift in Sources */,
				B0CDE14C27BC3E2000447EDF /* MovieGridController.swift in Sources */,
				B03FAEB127B47C0600E8929D /* AppDelegate.swift in Sources */,
				B03FAEE327B488D600E8929D /* MovieCell.swift in Sources */,
				B03FAEB327B47C0600E8929D /* SceneDelegate.swift in Sources */,
				B0CDE14E27BC41C700447EDF /* MovieGridCell.swift in Sources */,
			);
			runOnlyForDeploymentPostprocessing = 0;
		};
		B03FAEBF27B47C0700E8929D /* Sources */ = {
			isa = PBXSourcesBuildPhase;
			buildActionMask = 2147483647;
			files = (
				B03FAEC827B47C0700E8929D /* FlixAppTests.swift in Sources */,
			);
			runOnlyForDeploymentPostprocessing = 0;
		};
		B03FAEC927B47C0700E8929D /* Sources */ = {
			isa = PBXSourcesBuildPhase;
			buildActionMask = 2147483647;
			files = (
				B03FAED227B47C0700E8929D /* FlixAppUITests.swift in Sources */,
				B03FAED427B47C0700E8929D /* FlixAppUITestsLaunchTests.swift in Sources */,
			);
			runOnlyForDeploymentPostprocessing = 0;
		};
/* End PBXSourcesBuildPhase section */

/* Begin PBXTargetDependency section */
		B03FAEC527B47C0700E8929D /* PBXTargetDependency */ = {
			isa = PBXTargetDependency;
			target = B03FAEAC27B47C0600E8929D /* FlixApp */;
			targetProxy = B03FAEC427B47C0700E8929D /* PBXContainerItemProxy */;
		};
		B03FAECF27B47C0700E8929D /* PBXTargetDependency */ = {
			isa = PBXTargetDependency;
			target = B03FAEAC27B47C0600E8929D /* FlixApp */;
			targetProxy = B03FAECE27B47C0700E8929D /* PBXContainerItemProxy */;
		};
/* End PBXTargetDependency section */

/* Begin PBXVariantGroup section */
		B03FAEB627B47C0600E8929D /* Main.storyboard */ = {
			isa = PBXVariantGroup;
			children = (
				B03FAEB727B47C0600E8929D /* Base */,
			);
			name = Main.storyboard;
			sourceTree = "<group>";
		};
		B03FAEBB27B47C0700E8929D /* LaunchScreen.storyboard */ = {
			isa = PBXVariantGroup;
			children = (
				B03FAEBC27B47C0700E8929D /* Base */,
			);
			name = LaunchScreen.storyboard;
			sourceTree = "<group>";
		};
/* End PBXVariantGroup section */

/* Begin XCBuildConfiguration section */
		B03FAED527B47C0700E8929D /* Debug */ = {
			isa = XCBuildConfiguration;
			buildSettings = {
				ALWAYS_SEARCH_USER_PATHS = NO;
				CLANG_ANALYZER_NONNULL = YES;
				CLANG_ANALYZER_NUMBER_OBJECT_CONVERSION = YES_AGGRESSIVE;
				CLANG_CXX_LANGUAGE_STANDARD = "gnu++17";
				CLANG_CXX_LIBRARY = "libc++";
				CLANG_ENABLE_MODULES = YES;
				CLANG_ENABLE_OBJC_ARC = YES;
				CLANG_ENABLE_OBJC_WEAK = YES;
				CLANG_WARN_BLOCK_CAPTURE_AUTORELEASING = YES;
				CLANG_WARN_BOOL_CONVERSION = YES;
				CLANG_WARN_COMMA = YES;
				CLANG_WARN_CONSTANT_CONVERSION = YES;
				CLANG_WARN_DEPRECATED_OBJC_IMPLEMENTATIONS = YES;
				CLANG_WARN_DIRECT_OBJC_ISA_USAGE = YES_ERROR;
				CLANG_WARN_DOCUMENTATION_COMMENTS = YES;
				CLANG_WARN_EMPTY_BODY = YES;
				CLANG_WARN_ENUM_CONVERSION = YES;
				CLANG_WARN_INFINITE_RECURSION = YES;
				CLANG_WARN_INT_CONVERSION = YES;
				CLANG_WARN_NON_LITERAL_NULL_CONVERSION = YES;
				CLANG_WARN_OBJC_IMPLICIT_RETAIN_SELF = YES;
				CLANG_WARN_OBJC_LITERAL_CONVERSION = YES;
				CLANG_WARN_OBJC_ROOT_CLASS = YES_ERROR;
				CLANG_WARN_QUOTED_INCLUDE_IN_FRAMEWORK_HEADER = YES;
				CLANG_WARN_RANGE_LOOP_ANALYSIS = YES;
				CLANG_WARN_STRICT_PROTOTYPES = YES;
				CLANG_WARN_SUSPICIOUS_MOVE = YES;
				CLANG_WARN_UNGUARDED_AVAILABILITY = YES_AGGRESSIVE;
				CLANG_WARN_UNREACHABLE_CODE = YES;
				CLANG_WARN__DUPLICATE_METHOD_MATCH = YES;
				COPY_PHASE_STRIP = NO;
				DEBUG_INFORMATION_FORMAT = dwarf;
				ENABLE_STRICT_OBJC_MSGSEND = YES;
				ENABLE_TESTABILITY = YES;
				GCC_C_LANGUAGE_STANDARD = gnu11;
				GCC_DYNAMIC_NO_PIC = NO;
				GCC_NO_COMMON_BLOCKS = YES;
				GCC_OPTIMIZATION_LEVEL = 0;
				GCC_PREPROCESSOR_DEFINITIONS = (
					"DEBUG=1",
					"$(inherited)",
				);
				GCC_WARN_64_TO_32_BIT_CONVERSION = YES;
				GCC_WARN_ABOUT_RETURN_TYPE = YES_ERROR;
				GCC_WARN_UNDECLARED_SELECTOR = YES;
				GCC_WARN_UNINITIALIZED_AUTOS = YES_AGGRESSIVE;
				GCC_WARN_UNUSED_FUNCTION = YES;
				GCC_WARN_UNUSED_VARIABLE = YES;
				IPHONEOS_DEPLOYMENT_TARGET = 15.0;
				MTL_ENABLE_DEBUG_INFO = INCLUDE_SOURCE;
				MTL_FAST_MATH = YES;
				ONLY_ACTIVE_ARCH = YES;
				SDKROOT = iphoneos;
				SWIFT_ACTIVE_COMPILATION_CONDITIONS = DEBUG;
				SWIFT_OPTIMIZATION_LEVEL = "-Onone";
			};
			name = Debug;
		};
		B03FAED627B47C0700E8929D /* Release */ = {
			isa = XCBuildConfiguration;
			buildSettings = {
				ALWAYS_SEARCH_USER_PATHS = NO;
				CLANG_ANALYZER_NONNULL = YES;
				CLANG_ANALYZER_NUMBER_OBJECT_CONVERSION = YES_AGGRESSIVE;
				CLANG_CXX_LANGUAGE_STANDARD = "gnu++17";
				CLANG_CXX_LIBRARY = "libc++";
				CLANG_ENABLE_MODULES = YES;
				CLANG_ENABLE_OBJC_ARC = YES;
				CLANG_ENABLE_OBJC_WEAK = YES;
				CLANG_WARN_BLOCK_CAPTURE_AUTORELEASING = YES;
				CLANG_WARN_BOOL_CONVERSION = YES;
				CLANG_WARN_COMMA = YES;
				CLANG_WARN_CONSTANT_CONVERSION = YES;
				CLANG_WARN_DEPRECATED_OBJC_IMPLEMENTATIONS = YES;
				CLANG_WARN_DIRECT_OBJC_ISA_USAGE = YES_ERROR;
				CLANG_WARN_DOCUMENTATION_COMMENTS = YES;
				CLANG_WARN_EMPTY_BODY = YES;
				CLANG_WARN_ENUM_CONVERSION = YES;
				CLANG_WARN_INFINITE_RECURSION = YES;
				CLANG_WARN_INT_CONVERSION = YES;
				CLANG_WARN_NON_LITERAL_NULL_CONVERSION = YES;
				CLANG_WARN_OBJC_IMPLICIT_RETAIN_SELF = YES;
				CLANG_WARN_OBJC_LITERAL_CONVERSION = YES;
				CLANG_WARN_OBJC_ROOT_CLASS = YES_ERROR;
				CLANG_WARN_QUOTED_INCLUDE_IN_FRAMEWORK_HEADER = YES;
				CLANG_WARN_RANGE_LOOP_ANALYSIS = YES;
				CLANG_WARN_STRICT_PROTOTYPES = YES;
				CLANG_WARN_SUSPICIOUS_MOVE = YES;
				CLANG_WARN_UNGUARDED_AVAILABILITY = YES_AGGRESSIVE;
				CLANG_WARN_UNREACHABLE_CODE = YES;
				CLANG_WARN__DUPLICATE_METHOD_MATCH = YES;
				COPY_PHASE_STRIP = NO;
				DEBUG_INFORMATION_FORMAT = "dwarf-with-dsym";
				ENABLE_NS_ASSERTIONS = NO;
				ENABLE_STRICT_OBJC_MSGSEND = YES;
				GCC_C_LANGUAGE_STANDARD = gnu11;
				GCC_NO_COMMON_BLOCKS = YES;
				GCC_WARN_64_TO_32_BIT_CONVERSION = YES;
				GCC_WARN_ABOUT_RETURN_TYPE = YES_ERROR;
				GCC_WARN_UNDECLARED_SELECTOR = YES;
				GCC_WARN_UNINITIALIZED_AUTOS = YES_AGGRESSIVE;
				GCC_WARN_UNUSED_FUNCTION = YES;
				GCC_WARN_UNUSED_VARIABLE = YES;
				IPHONEOS_DEPLOYMENT_TARGET = 15.0;
				MTL_ENABLE_DEBUG_INFO = NO;
				MTL_FAST_MATH = YES;
				SDKROOT = iphoneos;
				SWIFT_COMPILATION_MODE = wholemodule;
				SWIFT_OPTIMIZATION_LEVEL = "-O";
				VALIDATE_PRODUCT = YES;
			};
			name = Release;
		};
		B03FAED827B47C0700E8929D /* Debug */ = {
			isa = XCBuildConfiguration;
			baseConfigurationReference = B7B4AEBDA42EF80CDD04B2DB /* Pods-FlixApp.debug.xcconfig */;
			buildSettings = {
				ASSETCATALOG_COMPILER_APPICON_NAME = AppIcon;
				ASSETCATALOG_COMPILER_GLOBAL_ACCENT_COLOR_NAME = AccentColor;
				CODE_SIGN_STYLE = Automatic;
				CURRENT_PROJECT_VERSION = 1;
				DEVELOPMENT_TEAM = N2NXH7FL3F;
				GENERATE_INFOPLIST_FILE = YES;
				INFOPLIST_FILE = FlixApp/Info.plist;
				INFOPLIST_KEY_UIApplicationSupportsIndirectInputEvents = YES;
				INFOPLIST_KEY_UILaunchStoryboardName = LaunchScreen;
				INFOPLIST_KEY_UIMainStoryboardFile = Main;
				INFOPLIST_KEY_UISupportedInterfaceOrientations_iPad = "UIInterfaceOrientationPortrait UIInterfaceOrientationPortraitUpsideDown UIInterfaceOrientationLandscapeLeft UIInterfaceOrientationLandscapeRight";
				INFOPLIST_KEY_UISupportedInterfaceOrientations_iPhone = "UIInterfaceOrientationPortrait UIInterfaceOrientationLandscapeLeft UIInterfaceOrientationLandscapeRight";
				LD_RUNPATH_SEARCH_PATHS = (
					"$(inherited)",
					"@executable_path/Frameworks",
				);
				MARKETING_VERSION = 1.0;
				PRODUCT_BUNDLE_IDENTIFIER = Philly.FlixApp;
				PRODUCT_NAME = "$(TARGET_NAME)";
				SWIFT_EMIT_LOC_STRINGS = YES;
				SWIFT_VERSION = 5.0;
				TARGETED_DEVICE_FAMILY = "1,2";
			};
			name = Debug;
		};
		B03FAED927B47C0700E8929D /* Release */ = {
			isa = XCBuildConfiguration;
			baseConfigurationReference = AF7EAFB2A33F3BFE230ECFBD /* Pods-FlixApp.release.xcconfig */;
			buildSettings = {
				ASSETCATALOG_COMPILER_APPICON_NAME = AppIcon;
				ASSETCATALOG_COMPILER_GLOBAL_ACCENT_COLOR_NAME = AccentColor;
				CODE_SIGN_STYLE = Automatic;
				CURRENT_PROJECT_VERSION = 1;
				DEVELOPMENT_TEAM = N2NXH7FL3F;
				GENERATE_INFOPLIST_FILE = YES;
				INFOPLIST_FILE = FlixApp/Info.plist;
				INFOPLIST_KEY_UIApplicationSupportsIndirectInputEvents = YES;
				INFOPLIST_KEY_UILaunchStoryboardName = LaunchScreen;
				INFOPLIST_KEY_UIMainStoryboardFile = Main;
				INFOPLIST_KEY_UISupportedInterfaceOrientations_iPad = "UIInterfaceOrientationPortrait UIInterfaceOrientationPortraitUpsideDown UIInterfaceOrientationLandscapeLeft UIInterfaceOrientationLandscapeRight";
				INFOPLIST_KEY_UISupportedInterfaceOrientations_iPhone = "UIInterfaceOrientationPortrait UIInterfaceOrientationLandscapeLeft UIInterfaceOrientationLandscapeRight";
				LD_RUNPATH_SEARCH_PATHS = (
					"$(inherited)",
					"@executable_path/Frameworks",
				);
				MARKETING_VERSION = 1.0;
				PRODUCT_BUNDLE_IDENTIFIER = Philly.FlixApp;
				PRODUCT_NAME = "$(TARGET_NAME)";
				SWIFT_EMIT_LOC_STRINGS = YES;
				SWIFT_VERSION = 5.0;
				TARGETED_DEVICE_FAMILY = "1,2";
			};
			name = Release;
		};
		B03FAEDB27B47C0700E8929D /* Debug */ = {
			isa = XCBuildConfiguration;
			baseConfigurationReference = DB8278D9A665CFCB3DE707C6 /* Pods-FlixAppTests.debug.xcconfig */;
			buildSettings = {
				ALWAYS_EMBED_SWIFT_STANDARD_LIBRARIES = YES;
				BUNDLE_LOADER = "$(TEST_HOST)";
				CODE_SIGN_STYLE = Automatic;
				CURRENT_PROJECT_VERSION = 1;
				DEVELOPMENT_TEAM = N2NXH7FL3F;
				GENERATE_INFOPLIST_FILE = YES;
				IPHONEOS_DEPLOYMENT_TARGET = 15.0;
				LD_RUNPATH_SEARCH_PATHS = (
					"$(inherited)",
					"@executable_path/Frameworks",
					"@loader_path/Frameworks",
				);
				MARKETING_VERSION = 1.0;
				PRODUCT_BUNDLE_IDENTIFIER = Philly.FlixAppTests;
				PRODUCT_NAME = "$(TARGET_NAME)";
				SWIFT_EMIT_LOC_STRINGS = NO;
				SWIFT_VERSION = 5.0;
				TARGETED_DEVICE_FAMILY = "1,2";
				TEST_HOST = "$(BUILT_PRODUCTS_DIR)/FlixApp.app/FlixApp";
			};
			name = Debug;
		};
		B03FAEDC27B47C0700E8929D /* Release */ = {
			isa = XCBuildConfiguration;
			baseConfigurationReference = BB5281F6B1CA5CE55E13531B /* Pods-FlixAppTests.release.xcconfig */;
			buildSettings = {
				ALWAYS_EMBED_SWIFT_STANDARD_LIBRARIES = YES;
				BUNDLE_LOADER = "$(TEST_HOST)";
				CODE_SIGN_STYLE = Automatic;
				CURRENT_PROJECT_VERSION = 1;
				DEVELOPMENT_TEAM = N2NXH7FL3F;
				GENERATE_INFOPLIST_FILE = YES;
				IPHONEOS_DEPLOYMENT_TARGET = 15.0;
				LD_RUNPATH_SEARCH_PATHS = (
					"$(inherited)",
					"@executable_path/Frameworks",
					"@loader_path/Frameworks",
				);
				MARKETING_VERSION = 1.0;
				PRODUCT_BUNDLE_IDENTIFIER = Philly.FlixAppTests;
				PRODUCT_NAME = "$(TARGET_NAME)";
				SWIFT_EMIT_LOC_STRINGS = NO;
				SWIFT_VERSION = 5.0;
				TARGETED_DEVICE_FAMILY = "1,2";
				TEST_HOST = "$(BUILT_PRODUCTS_DIR)/FlixApp.app/FlixApp";
			};
			name = Release;
		};
		B03FAEDE27B47C0700E8929D /* Debug */ = {
			isa = XCBuildConfiguration;
			baseConfigurationReference = 1A7ECB9CD74A65D20A82E33A /* Pods-FlixApp-FlixAppUITests.debug.xcconfig */;
			buildSettings = {
				ALWAYS_EMBED_SWIFT_STANDARD_LIBRARIES = YES;
				CODE_SIGN_STYLE = Automatic;
				CURRENT_PROJECT_VERSION = 1;
				DEVELOPMENT_TEAM = N2NXH7FL3F;
				GENERATE_INFOPLIST_FILE = YES;
				LD_RUNPATH_SEARCH_PATHS = (
					"$(inherited)",
					"@executable_path/Frameworks",
					"@loader_path/Frameworks",
				);
				MARKETING_VERSION = 1.0;
				PRODUCT_BUNDLE_IDENTIFIER = Philly.FlixAppUITests;
				PRODUCT_NAME = "$(TARGET_NAME)";
				SWIFT_EMIT_LOC_STRINGS = NO;
				SWIFT_VERSION = 5.0;
				TARGETED_DEVICE_FAMILY = "1,2";
				TEST_TARGET_NAME = FlixApp;
			};
			name = Debug;
		};
		B03FAEDF27B47C0700E8929D /* Release */ = {
			isa = XCBuildConfiguration;
			baseConfigurationReference = F4385F61A89BA023864B4B48 /* Pods-FlixApp-FlixAppUITests.release.xcconfig */;
			buildSettings = {
				ALWAYS_EMBED_SWIFT_STANDARD_LIBRARIES = YES;
				CODE_SIGN_STYLE = Automatic;
				CURRENT_PROJECT_VERSION = 1;
				DEVELOPMENT_TEAM = N2NXH7FL3F;
				GENERATE_INFOPLIST_FILE = YES;
				LD_RUNPATH_SEARCH_PATHS = (
					"$(inherited)",
					"@executable_path/Frameworks",
					"@loader_path/Frameworks",
				);
				MARKETING_VERSION = 1.0;
				PRODUCT_BUNDLE_IDENTIFIER = Philly.FlixAppUITests;
				PRODUCT_NAME = "$(TARGET_NAME)";
				SWIFT_EMIT_LOC_STRINGS = NO;
				SWIFT_VERSION = 5.0;
				TARGETED_DEVICE_FAMILY = "1,2";
				TEST_TARGET_NAME = FlixApp;
			};
			name = Release;
		};
/* End XCBuildConfiguration section */

/* Begin XCConfigurationList section */
		B03FAEA827B47C0600E8929D /* Build configuration list for PBXProject "FlixApp" */ = {
			isa = XCConfigurationList;
			buildConfigurations = (
				B03FAED527B47C0700E8929D /* Debug */,
				B03FAED627B47C0700E8929D /* Release */,
			);
			defaultConfigurationIsVisible = 0;
			defaultConfigurationName = Release;
		};
		B03FAED727B47C0700E8929D /* Build configuration list for PBXNativeTarget "FlixApp" */ = {
			isa = XCConfigurationList;
			buildConfigurations = (
				B03FAED827B47C0700E8929D /* Debug */,
				B03FAED927B47C0700E8929D /* Release */,
			);
			defaultConfigurationIsVisible = 0;
			defaultConfigurationName = Release;
		};
		B03FAEDA27B47C0700E8929D /* Build configuration list for PBXNativeTarget "FlixAppTests" */ = {
			isa = XCConfigurationList;
			buildConfigurations = (
				B03FAEDB27B47C0700E8929D /* Debug */,
				B03FAEDC27B47C0700E8929D /* Release */,
			);
			defaultConfigurationIsVisible = 0;
			defaultConfigurationName = Release;
		};
		B03FAEDD27B47C0700E8929D /* Build configuration list for PBXNativeTarget "FlixAppUITests" */ = {
			isa = XCConfigurationList;
			buildConfigurations = (
				B03FAEDE27B47C0700E8929D /* Debug */,
				B03FAEDF27B47C0700E8929D /* Release */,
			);
			defaultConfigurationIsVisible = 0;
			defaultConfigurationName = Release;
		};
/* End XCConfigurationList section */

/* Begin XCRemoteSwiftPackageReference section */
		B03FAEE427B4934200E8929D /* XCRemoteSwiftPackageReference "AlamofireImage" */ = {
			isa = XCRemoteSwiftPackageReference;
			repositoryURL = "https://github.com/Alamofire/AlamofireImage";
			requirement = {
				kind = upToNextMajorVersion;
				minimumVersion = 4.0.0;
			};
		};
/* End XCRemoteSwiftPackageReference section */

/* Begin XCSwiftPackageProductDependency section */
		B03FAEE527B4934200E8929D /* AlamofireImage */ = {
			isa = XCSwiftPackageProductDependency;
			package = B03FAEE427B4934200E8929D /* XCRemoteSwiftPackageReference "AlamofireImage" */;
			productName = AlamofireImage;
		};
/* End XCSwiftPackageProductDependency section */
	};
	rootObject = B03FAEA527B47C0600E8929D /* Project object */;
}
