// !$*UTF8*$!
{
	archiveVersion = 1;
	classes = {
	};
	objectVersion = 55;
	objects = {

/* Begin PBXBuildFile section */
		B03FAEB127B47C0600E8929D /* AppDelegate.swift in Sources */ = {isa = PBXBuildFile; fileRef = B03FAEB027B47C0600E8929D /* AppDelegate.swift */; };
		B03FAEB327B47C0600E8929D /* SceneDelegate.swift in Sources */ = {isa = PBXBuildFile; fileRef = B03FAEB227B47C0600E8929D /* SceneDelegate.swift */; };
		B03FAEB527B47C0600E8929D /* ViewController.swift in Sources */ = {isa = PBXBuildFile; fileRef = B03FAEB427B47C0600E8929D /* ViewController.swift */; };
		B03FAEB827B47C0600E8929D /* Main.storyboard in Resources */ = {isa = PBXBuildFile; fileRef = B03FAEB627B47C0600E8929D /* Main.storyboard */; };
		B03FAEBA27B47C0700E8929D /* Assets.xcassets in Resources */ = {isa = PBXBuildFile; fileRef = B03FAEB927B47C0700E8929D /* Assets.xcassets */; };
		B03FAEBD27B47C0700E8929D /* LaunchScreen.storyboard in Resources */ = {isa = PBXBuildFile; fileRef = B03FAEBB27B47C0700E8929D /* LaunchScreen.storyboard */; };
		B03FAEC827B47C0700E8929D /* FlixAppTests.swift in Sources */ = {isa = PBXBuildFile; fileRef = B03FAEC727B47C0700E8929D /* FlixAppTests.swift */; };
		B03FAED227B47C0700E8929D /* FlixAppUITests.swift in Sources */ = {isa = PBXBuildFile; fileRef = B03FAED127B47C0700E8929D /* FlixAppUITests.swift */; };
		B03FAED427B47C0700E8929D /* FlixAppUITestsLaunchTests.swift in Sources */ = {isa = PBXBuildFile; fileRef = B03FAED327B47C0700E8929D /* FlixAppUITestsLaunchTests.swift */; };
/* End PBXBuildFile section */

/* Begin PBXContainerItemProxy section */
		B03FAEC427B47C0700E8929D /* PBXContainerItemProxy */ = {
			isa = PBXContainerItemProxy;
			containerPortal = B03FAEA527B47C0600E8929D /* Project object */;
			proxyType = 1;
			remoteGlobalIDString = B03FAEAC27B47C0600E8929D;
			remoteInfo = FlixApp;
		};
		B03FAECE27B47C0700E8929D /* PBXContainerItemProxy */ = {
			isa = PBXContainerItemProxy;
			containerPortal = B03FAEA527B47C0600E8929D /* Project object */;
			proxyType = 1;
			remoteGlobalIDString = B03FAEAC27B47C0600E8929D;
			remoteInfo = FlixApp;
		};
/* End PBXContainerItemProxy section */

/* Begin PBXFileReference section */
		B03FAEAD27B47C0600E8929D /* FlixApp.app */ = {isa = PBXFileReference; explicitFileType = wrapper.application; includeInIndex = 0; path = FlixApp.app; sourceTree = BUILT_PRODUCTS_DIR; };
		B03FAEB027B47C0600E8929D /* AppDelegate.swift */ = {isa = PBXFileReference; lastKnownFileType = sourcecode.swift; path = AppDelegate.swift; sourceTree = "<group>"; };
		B03FAEB227B47C0600E8929D /* SceneDelegate.swift */ = {isa = PBXFileReference; lastKnownFileType = sourcecode.swift; path = SceneDelegate.swift; sourceTree = "<group>"; };
		B03FAEB427B47C0600E8929D /* ViewController.swift */ = {isa = PBXFileReference; lastKnownFileType = sourcecode.swift; path = ViewController.swift; sourceTree = "<group>"; };
		B03FAEB727B47C0600E8929D /* Base */ = {isa = PBXFileReference; lastKnownFileType = file.storyboard; name = Base; path = Base.lproj/Main.storyboard; sourceTree = "<group>"; };
		B03FAEB927B47C0700E8929D /* Assets.xcassets */ = {isa = PBXFileReference; lastKnownFileType = folder.assetcatalog; path = Assets.xcassets; sourceTree = "<group>"; };
		B03FAEBC27B47C0700E8929D /* Base */ = {isa = PBXFileReference; lastKnownFileType = file.storyboard; name = Base; path = Base.lproj/LaunchScreen.storyboard; sourceTree = "<group>"; };
		B03FAEBE27B47C0700E8929D /* Info.plist */ = {isa = PBXFileReference; lastKnownFileType = text.plist.xml; path = Info.plist; sourceTree = "<group>"; };
		B03FAEC327B47C0700E8929D /* FlixAppTests.xctest */ = {isa = PBXFileReference; explicitFileType = wrapper.cfbundle; includeInIndex = 0; path = FlixAppTests.xctest; sourceTree = BUILT_PRODUCTS_DIR; };
		B03FAEC727B47C0700E8929D /* FlixAppTests.swift */ = {isa = PBXFileReference; lastKnownFileType = sourcecode.swift; path = FlixAppTests.swift; sourceTree = "<group>"; };
		B03FAECD27B47C0700E8929D /* FlixAppUITests.xctest */ = {isa = PBXFileReference; explicitFileType = wrapper.cfbundle; includeInIndex = 0; path = FlixAppUITests.xctest; sourceTree = BUILT_PRODUCTS_DIR; };
		B03FAED127B47C0700E8929D /* FlixAppUITests.swift */ = {isa = PBXFileReference; lastKnownFileType = sourcecode.swift; path = FlixAppUITests.swift; sourceTree = "<group>"; };
		B03FAED327B47C0700E8929D /* FlixAppUITestsLaunchTests.swift */ = {isa = PBXFileReference; lastKnownFileType = sourcecode.swift; path = FlixAppUITestsLaunchTests.swift; sourceTree = "<group>"; };
/* End PBXFileReference section */

/* Begin PBXFrameworksBuildPhase section */
		B03FAEAA27B47C0600E8929D /* Frameworks */ = {
			isa = PBXFrameworksBuildPhase;
			buildActionMask = 2147483647;
			files = (
			);
			runOnlyForDeploymentPostprocessing = 0;
		};
		B03FAEC027B47C0700E8929D /* Frameworks */ = {
			isa = PBXFrameworksBuildPhase;
			buildActionMask = 2147483647;
			files = (
			);
			runOnlyForDeploymentPostprocessing = 0;
		};
		B03FAECA27B47C0700E8929D /* Frameworks */ = {
			isa = PBXFrameworksBuildPhase;
			buildActionMask = 2147483647;
			files = (
			);
			runOnlyForDeploymentPostprocessing = 0;
		};
/* End PBXFrameworksBuildPhase section */

/* Begin PBXGroup section */
		B03FAEA427B47C0600E8929D = {
			isa = PBXGroup;
			children = (
				B03FAEAF27B47C0600E8929D /* FlixApp */,
				B03FAEC627B47C0700E8929D /* FlixAppTests */,
				B03FAED027B47C0700E8929D /* FlixAppUITests */,
				B03FAEAE27B47C0600E8929D /* Products */,
			);
			sourceTree = "<group>";
		};
		B03FAEAE27B47C0600E8929D /* Products */ = {
			isa = PBXGroup;
			children = (
				B03FAEAD27B47C0600E8929D /* FlixApp.app */,
				B03FAEC327B47C0700E8929D /* FlixAppTests.xctest */,
				B03FAECD27B47C0700E8929D /* FlixAppUITests.xctest */,
			);
			name = Products;
			sourceTree = "<group>";
		};
		B03FAEAF27B47C0600E8929D /* FlixApp */ = {
			isa = PBXGroup;
			children = (
				B03FAEB027B47C0600E8929D /* AppDelegate.swift */,
				B03FAEB227B47C0600E8929D /* SceneDelegate.swift */,
				B03FAEB427B47C0600E8929D /* ViewController.swift */,
				B03FAEB627B47C0600E8929D /* Main.storyboard */,
				B03FAEB927B47C0700E8929D /* Assets.xcassets */,
				B03FAEBB27B47C0700E8929D /* LaunchScreen.storyboard */,
				B03FAEBE27B47C0700E8929D /* Info.plist */,
			);
			path = FlixApp;
			sourceTree = "<group>";
		};
		B03FAEC627B47C0700E8929D /* FlixAppTests */ = {
			isa = PBXGroup;
			children = (
				B03FAEC727B47C0700E8929D /* FlixAppTests.swift */,
			);
			path = FlixAppTests;
			sourceTree = "<group>";
		};
		B03FAED027B47C0700E8929D /* FlixAppUITests */ = {
			isa = PBXGroup;
			children = (
				B03FAED127B47C0700E8929D /* FlixAppUITests.swift */,
				B03FAED327B47C0700E8929D /* FlixAppUITestsLaunchTests.swift */,
			);
			path = FlixAppUITests;
			sourceTree = "<group>";
		};
/* End PBXGroup section */

/* Begin PBXNativeTarget section */
		B03FAEAC27B47C0600E8929D /* FlixApp */ = {
			isa = PBXNativeTarget;
			buildConfigurationList = B03FAED727B47C0700E8929D /* Build configuration list for PBXNativeTarget "FlixApp" */;
			buildPhases = (
				B03FAEA927B47C0600E8929D /* Sources */,
				B03FAEAA27B47C0600E8929D /* Frameworks */,
				B03FAEAB27B47C0600E8929D /* Resources */,
			);
			buildRules = (
			);
			dependencies = (
			);
			name = FlixApp;
			productName = FlixApp;
			productReference = B03FAEAD27B47C0600E8929D /* FlixApp.app */;
			productType = "com.apple.product-type.application";
		};
		B03FAEC227B47C0700E8929D /* FlixAppTests */ = {
			isa = PBXNativeTarget;
			buildConfigurationList = B03FAEDA27B47C0700E8929D /* Build configuration list for PBXNativeTarget "FlixAppTests" */;
			buildPhases = (
				B03FAEBF27B47C0700E8929D /* Sources */,
				B03FAEC027B47C0700E8929D /* Frameworks */,
				B03FAEC127B47C0700E8929D /* Resources */,
			);
			buildRules = (
			);
			dependencies = (
				B03FAEC527B47C0700E8929D /* PBXTargetDependency */,
			);
			name = FlixAppTests;
			productName = FlixAppTests;
			productReference = B03FAEC327B47C0700E8929D /* FlixAppTests.xctest */;
			productType = "com.apple.product-type.bundle.unit-test";
		};
		B03FAECC27B47C0700E8929D /* FlixAppUITests */ = {
			isa = PBXNativeTarget;
			buildConfigurationList = B03FAEDD27B47C0700E8929D /* Build configuration list for PBXNativeTarget "FlixAppUITests" */;
			buildPhases = (
				B03FAEC927B47C0700E8929D /* Sources */,
				B03FAECA27B47C0700E8929D /* Frameworks */,
				B03FAECB27B47C0700E8929D /* Resources */,
			);
			buildRules = (
			);
			dependencies = (
				B03FAECF27B47C0700E8929D /* PBXTargetDependency */,
			);
			name = FlixAppUITests;
			productName = FlixAppUITests;
			productReference = B03FAECD27B47C0700E8929D /* FlixAppUITests.xctest */;
			productType = "com.apple.product-type.bundle.ui-testing";
		};
/* End PBXNativeTarget section */

/* Begin PBXProject section */
		B03FAEA527B47C0600E8929D /* Project object */ = {
			isa = PBXProject;
			attributes = {
				BuildIndependentTargetsInParallel = 1;
				LastSwiftUpdateCheck = 1310;
				LastUpgradeCheck = 1310;
				TargetAttributes = {
					B03FAEAC27B47C0600E8929D = {
						CreatedOnToolsVersion = 13.1;
					};
					B03FAEC227B47C0700E8929D = {
						CreatedOnToolsVersion = 13.1;
						TestTargetID = B03FAEAC27B47C0600E8929D;
					};
					B03FAECC27B47C0700E8929D = {
						CreatedOnToolsVersion = 13.1;
						TestTargetID = B03FAEAC27B47C0600E8929D;
					};
				};
			};
			buildConfigurationList = B03FAEA827B47C0600E8929D /* Build configuration list for PBXProject "FlixApp" */;
			compatibilityVersion = "Xcode 13.0";
			developmentRegion = en;
			hasScannedForEncodings = 0;
			knownRegions = (
				en,
				Base,
			);
			mainGroup = B03FAEA427B47C0600E8929D;
			productRefGroup = B03FAEAE27B47C0600E8929D /* Products */;
			projectDirPath = "";
			projectRoot = "";
			targets = (
				B03FAEAC27B47C0600E8929D /* FlixApp */,
				B03FAEC227B47C0700E8929D /* FlixAppTests */,
				B03FAECC27B47C0700E8929D /* FlixAppUITests */,
			);
		};
/* End PBXProject section */

/* Begin PBXResourcesBuildPhase section */
		B03FAEAB27B47C0600E8929D /* Resources */ = {
			isa = PBXResourcesBuildPhase;
			buildActionMask = 2147483647;
			files = (
				B03FAEBD27B47C0700E8929D /* LaunchScreen.storyboard in Resources */,
				B03FAEBA27B47C0700E8929D /* Assets.xcassets in Resources */,
				B03FAEB827B47C0600E8929D /* Main.storyboard in Resources */,
			);
			runOnlyForDeploymentPostprocessing = 0;
		};
		B03FAEC127B47C0700E8929D /* Resources */ = {
			isa = PBXResourcesBuildPhase;
			buildActionMask = 2147483647;
			files = (
			);
			runOnlyForDeploymentPostprocessing = 0;
		};
		B03FAECB27B47C0700E8929D /* Resources */ = {
			isa = PBXResourcesBuildPhase;
			buildActionMask = 2147483647;
			files = (
			);
			runOnlyForDeploymentPostprocessing = 0;
		};
/* End PBXResourcesBuildPhase section */

/* Begin PBXSourcesBuildPhase section */
		B03FAEA927B47C0600E8929D /* Sources */ = {
			isa = PBXSourcesBuildPhase;
			buildActionMask = 2147483647;
			files = (
				B03FAEB527B47C0600E8929D /* ViewController.swift in Sources */,
				B03FAEB127B47C0600E8929D /* AppDelegate.swift in Sources */,
				B03FAEB327B47C0600E8929D /* SceneDelegate.swift in Sources */,
			);
			runOnlyForDeploymentPostprocessing = 0;
		};
		B03FAEBF27B47C0700E8929D /* Sources */ = {
			isa = PBXSourcesBuildPhase;
			buildActionMask = 2147483647;
			files = (
				B03FAEC827B47C0700E8929D /* FlixAppTests.swift in Sources */,
			);
			runOnlyForDeploymentPostprocessing = 0;
		};
		B03FAEC927B47C0700E8929D /* Sources */ = {
			isa = PBXSourcesBuildPhase;
			buildActionMask = 2147483647;
			files = (
				B03FAED227B47C0700E8929D /* FlixAppUITests.swift in Sources */,
				B03FAED427B47C0700E8929D /* FlixAppUITestsLaunchTests.swift in Sources */,
			);
			runOnlyForDeploymentPostprocessing = 0;
		};
/* End PBXSourcesBuildPhase section */

/* Begin PBXTargetDependency section */
		B03FAEC527B47C0700E8929D /* PBXTargetDependency */ = {
			isa = PBXTargetDependency;
			target = B03FAEAC27B47C0600E8929D /* FlixApp */;
			targetProxy = B03FAEC427B47C0700E8929D /* PBXContainerItemProxy */;
		};
		B03FAECF27B47C0700E8929D /* PBXTargetDependency */ = {
			isa = PBXTargetDependency;
			target = B03FAEAC27B47C0600E8929D /* FlixApp */;
			targetProxy = B03FAECE27B47C0700E8929D /* PBXContainerItemProxy */;
		};
/* End PBXTargetDependency section */

/* Begin PBXVariantGroup section */
		B03FAEB627B47C0600E8929D /* Main.storyboard */ = {
			isa = PBXVariantGroup;
			children = (
				B03FAEB727B47C0600E8929D /* Base */,
			);
			name = Main.storyboard;
			sourceTree = "<group>";
		};
		B03FAEBB27B47C0700E8929D /* LaunchScreen.storyboard */ = {
			isa = PBXVariantGroup;
			children = (
				B03FAEBC27B47C0700E8929D /* Base */,
			);
			name = LaunchScreen.storyboard;
			sourceTree = "<group>";
		};
/* End PBXVariantGroup section */

/* Begin XCBuildConfiguration section */
		B03FAED527B47C0700E8929D /* Debug */ = {
			isa = XCBuildConfiguration;
			buildSettings = {
				ALWAYS_SEARCH_USER_PATHS = NO;
				CLANG_ANALYZER_NONNULL = YES;
				CLANG_ANALYZER_NUMBER_OBJECT_CONVERSION = YES_AGGRESSIVE;
				CLANG_CXX_LANGUAGE_STANDARD = "gnu++17";
				CLANG_CXX_LIBRARY = "libc++";
				CLANG_ENABLE_MODULES = YES;
				CLANG_ENABLE_OBJC_ARC = YES;
				CLANG_ENABLE_OBJC_WEAK = YES;
				CLANG_WARN_BLOCK_CAPTURE_AUTORELEASING = YES;
				CLANG_WARN_BOOL_CONVERSION = YES;
				CLANG_WARN_COMMA = YES;
				CLANG_WARN_CONSTANT_CONVERSION = YES;
				CLANG_WARN_DEPRECATED_OBJC_IMPLEMENTATIONS = YES;
				CLANG_WARN_DIRECT_OBJC_ISA_USAGE = YES_ERROR;
				CLANG_WARN_DOCUMENTATION_COMMENTS = YES;
				CLANG_WARN_EMPTY_BODY = YES;
				CLANG_WARN_ENUM_CONVERSION = YES;
				CLANG_WARN_INFINITE_RECURSION = YES;
				CLANG_WARN_INT_CONVERSION = YES;
				CLANG_WARN_NON_LITERAL_NULL_CONVERSION = YES;
				CLANG_WARN_OBJC_IMPLICIT_RETAIN_SELF = YES;
				CLANG_WARN_OBJC_LITERAL_CONVERSION = YES;
				CLANG_WARN_OBJC_ROOT_CLASS = YES_ERROR;
				CLANG_WARN_QUOTED_INCLUDE_IN_FRAMEWORK_HEADER = YES;
				CLANG_WARN_RANGE_LOOP_ANALYSIS = YES;
				CLANG_WARN_STRICT_PROTOTYPES = YES;
				CLANG_WARN_SUSPICIOUS_MOVE = YES;
				CLANG_WARN_UNGUARDED_AVAILABILITY = YES_AGGRESSIVE;
				CLANG_WARN_UNREACHABLE_CODE = YES;
				CLANG_WARN__DUPLICATE_METHOD_MATCH = YES;
				COPY_PHASE_STRIP = NO;
				DEBUG_INFORMATION_FORMAT = dwarf;
				ENABLE_STRICT_OBJC_MSGSEND = YES;
				ENABLE_TESTABILITY = YES;
				GCC_C_LANGUAGE_STANDARD = gnu11;
				GCC_DYNAMIC_NO_PIC = NO;
				GCC_NO_COMMON_BLOCKS = YES;
				GCC_OPTIMIZATION_LEVEL = 0;
				GCC_PREPROCESSOR_DEFINITIONS = (
					"DEBUG=1",
					"$(inherited)",
				);
				GCC_WARN_64_TO_32_BIT_CONVERSION = YES;
				GCC_WARN_ABOUT_RETURN_TYPE = YES_ERROR;
				GCC_WARN_UNDECLARED_SELECTOR = YES;
				GCC_WARN_UNINITIALIZED_AUTOS = YES_AGGRESSIVE;
				GCC_WARN_UNUSED_FUNCTION = YES;
				GCC_WARN_UNUSED_VARIABLE = YES;
				IPHONEOS_DEPLOYMENT_TARGET = 15.0;
				MTL_ENABLE_DEBUG_INFO = INCLUDE_SOURCE;
				MTL_FAST_MATH = YES;
				ONLY_ACTIVE_ARCH = YES;
				SDKROOT = iphoneos;
				SWIFT_ACTIVE_COMPILATION_CONDITIONS = DEBUG;
				SWIFT_OPTIMIZATION_LEVEL = "-Onone";
			};
			name = Debug;
		};
		B03FAED627B47C0700E8929D /* Release */ = {
			isa = XCBuildConfiguration;
			buildSettings = {
				ALWAYS_SEARCH_USER_PATHS = NO;
				CLANG_ANALYZER_NONNULL = YES;
				CLANG_ANALYZER_NUMBER_OBJECT_CONVERSION = YES_AGGRESSIVE;
				CLANG_CXX_LANGUAGE_STANDARD = "gnu++17";
				CLANG_CXX_LIBRARY = "libc++";
				CLANG_ENABLE_MODULES = YES;
				CLANG_ENABLE_OBJC_ARC = YES;
				CLANG_ENABLE_OBJC_WEAK = YES;
				CLANG_WARN_BLOCK_CAPTURE_AUTORELEASING = YES;
				CLANG_WARN_BOOL_CONVERSION = YES;
				CLANG_WARN_COMMA = YES;
				CLANG_WARN_CONSTANT_CONVERSION = YES;
				CLANG_WARN_DEPRECATED_OBJC_IMPLEMENTATIONS = YES;
				CLANG_WARN_DIRECT_OBJC_ISA_USAGE = YES_ERROR;
				CLANG_WARN_DOCUMENTATION_COMMENTS = YES;
				CLANG_WARN_EMPTY_BODY = YES;
				CLANG_WARN_ENUM_CONVERSION = YES;
				CLANG_WARN_INFINITE_RECURSION = YES;
				CLANG_WARN_INT_CONVERSION = YES;
				CLANG_WARN_NON_LITERAL_NULL_CONVERSION = YES;
				CLANG_WARN_OBJC_IMPLICIT_RETAIN_SELF = YES;
				CLANG_WARN_OBJC_LITERAL_CONVERSION = YES;
				CLANG_WARN_OBJC_ROOT_CLASS = YES_ERROR;
				CLANG_WARN_QUOTED_INCLUDE_IN_FRAMEWORK_HEADER = YES;
				CLANG_WARN_RANGE_LOOP_ANALYSIS = YES;
				CLANG_WARN_STRICT_PROTOTYPES = YES;
				CLANG_WARN_SUSPICIOUS_MOVE = YES;
				CLANG_WARN_UNGUARDED_AVAILABILITY = YES_AGGRESSIVE;
				CLANG_WARN_UNREACHABLE_CODE = YES;
				CLANG_WARN__DUPLICATE_METHOD_MATCH = YES;
				COPY_PHASE_STRIP = NO;
				DEBUG_INFORMATION_FORMAT = "dwarf-with-dsym";
				ENABLE_NS_ASSERTIONS = NO;
				ENABLE_STRICT_OBJC_MSGSEND = YES;
				GCC_C_LANGUAGE_STANDARD = gnu11;
				GCC_NO_COMMON_BLOCKS = YES;
				GCC_WARN_64_TO_32_BIT_CONVERSION = YES;
				GCC_WARN_ABOUT_RETURN_TYPE = YES_ERROR;
				GCC_WARN_UNDECLARED_SELECTOR = YES;
				GCC_WARN_UNINITIALIZED_AUTOS = YES_AGGRESSIVE;
				GCC_WARN_UNUSED_FUNCTION = YES;
				GCC_WARN_UNUSED_VARIABLE = YES;
				IPHONEOS_DEPLOYMENT_TARGET = 15.0;
				MTL_ENABLE_DEBUG_INFO = NO;
				MTL_FAST_MATH = YES;
				SDKROOT = iphoneos;
				SWIFT_COMPILATION_MODE = wholemodule;
				SWIFT_OPTIMIZATION_LEVEL = "-O";
				VALIDATE_PRODUCT = YES;
			};
			name = Release;
		};
		B03FAED827B47C0700E8929D /* Debug */ = {
			isa = XCBuildConfiguration;
			buildSettings = {
				ASSETCATALOG_COMPILER_APPICON_NAME = AppIcon;
				ASSETCATALOG_COMPILER_GLOBAL_ACCENT_COLOR_NAME = AccentColor;
				CODE_SIGN_STYLE = Automatic;
				CURRENT_PROJECT_VERSION = 1;
				DEVELOPMENT_TEAM = N2NXH7FL3F;
				GENERATE_INFOPLIST_FILE = YES;
				INFOPLIST_FILE = FlixApp/Info.plist;
				INFOPLIST_KEY_UIApplicationSupportsIndirectInputEvents = YES;
				INFOPLIST_KEY_UILaunchStoryboardName = LaunchScreen;
				INFOPLIST_KEY_UIMainStoryboardFile = Main;
				INFOPLIST_KEY_UISupportedInterfaceOrientations_iPad = "UIInterfaceOrientationPortrait UIInterfaceOrientationPortraitUpsideDown UIInterfaceOrientationLandscapeLeft UIInterfaceOrientationLandscapeRight";
				INFOPLIST_KEY_UISupportedInterfaceOrientations_iPhone = "UIInterfaceOrientationPortrait UIInterfaceOrientationLandscapeLeft UIInterfaceOrientationLandscapeRight";
				LD_RUNPATH_SEARCH_PATHS = (
					"$(inherited)",
					"@executable_path/Frameworks",
				);
				MARKETING_VERSION = 1.0;
				PRODUCT_BUNDLE_IDENTIFIER = Philly.FlixApp;
				PRODUCT_NAME = "$(TARGET_NAME)";
				SWIFT_EMIT_LOC_STRINGS = YES;
				SWIFT_VERSION = 5.0;
				TARGETED_DEVICE_FAMILY = "1,2";
			};
			name = Debug;
		};
		B03FAED927B47C0700E8929D /* Release */ = {
			isa = XCBuildConfiguration;
			buildSettings = {
				ASSETCATALOG_COMPILER_APPICON_NAME = AppIcon;
				ASSETCATALOG_COMPILER_GLOBAL_ACCENT_COLOR_NAME = AccentColor;
				CODE_SIGN_STYLE = Automatic;
				CURRENT_PROJECT_VERSION = 1;
				DEVELOPMENT_TEAM = N2NXH7FL3F;
				GENERATE_INFOPLIST_FILE = YES;
				INFOPLIST_FILE = FlixApp/Info.plist;
				INFOPLIST_KEY_UIApplicationSupportsIndirectInputEvents = YES;
				INFOPLIST_KEY_UILaunchStoryboardName = LaunchScreen;
				INFOPLIST_KEY_UIMainStoryboardFile = Main;
				INFOPLIST_KEY_UISupportedInterfaceOrientations_iPad = "UIInterfaceOrientationPortrait UIInterfaceOrientationPortraitUpsideDown UIInterfaceOrientationLandscapeLeft UIInterfaceOrientationLandscapeRight";
				INFOPLIST_KEY_UISupportedInterfaceOrientations_iPhone = "UIInterfaceOrientationPortrait UIInterfaceOrientationLandscapeLeft UIInterfaceOrientationLandscapeRight";
				LD_RUNPATH_SEARCH_PATHS = (
					"$(inherited)",
					"@executable_path/Frameworks",
				);
				MARKETING_VERSION = 1.0;
				PRODUCT_BUNDLE_IDENTIFIER = Philly.FlixApp;
				PRODUCT_NAME = "$(TARGET_NAME)";
				SWIFT_EMIT_LOC_STRINGS = YES;
				SWIFT_VERSION = 5.0;
				TARGETED_DEVICE_FAMILY = "1,2";
			};
			name = Release;
		};
		B03FAEDB27B47C0700E8929D /* Debug */ = {
			isa = XCBuildConfiguration;
			buildSettings = {
				ALWAYS_EMBED_SWIFT_STANDARD_LIBRARIES = YES;
				BUNDLE_LOADER = "$(TEST_HOST)";
				CODE_SIGN_STYLE = Automatic;
				CURRENT_PROJECT_VERSION = 1;
				DEVELOPMENT_TEAM = N2NXH7FL3F;
				GENERATE_INFOPLIST_FILE = YES;
				IPHONEOS_DEPLOYMENT_TARGET = 15.0;
				LD_RUNPATH_SEARCH_PATHS = (
					"$(inherited)",
					"@executable_path/Frameworks",
					"@loader_path/Frameworks",
				);
				MARKETING_VERSION = 1.0;
				PRODUCT_BUNDLE_IDENTIFIER = Philly.FlixAppTests;
				PRODUCT_NAME = "$(TARGET_NAME)";
				SWIFT_EMIT_LOC_STRINGS = NO;
				SWIFT_VERSION = 5.0;
				TARGETED_DEVICE_FAMILY = "1,2";
				TEST_HOST = "$(BUILT_PRODUCTS_DIR)/FlixApp.app/FlixApp";
			};
			name = Debug;
		};
		B03FAEDC27B47C0700E8929D /* Release */ = {
			isa = XCBuildConfiguration;
			buildSettings = {
				ALWAYS_EMBED_SWIFT_STANDARD_LIBRARIES = YES;
				BUNDLE_LOADER = "$(TEST_HOST)";
				CODE_SIGN_STYLE = Automatic;
				CURRENT_PROJECT_VERSION = 1;
				DEVELOPMENT_TEAM = N2NXH7FL3F;
				GENERATE_INFOPLIST_FILE = YES;
				IPHONEOS_DEPLOYMENT_TARGET = 15.0;
				LD_RUNPATH_SEARCH_PATHS = (
					"$(inherited)",
					"@executable_path/Frameworks",
					"@loader_path/Frameworks",
				);
				MARKETING_VERSION = 1.0;
				PRODUCT_BUNDLE_IDENTIFIER = Philly.FlixAppTests;
				PRODUCT_NAME = "$(TARGET_NAME)";
				SWIFT_EMIT_LOC_STRINGS = NO;
				SWIFT_VERSION = 5.0;
				TARGETED_DEVICE_FAMILY = "1,2";
				TEST_HOST = "$(BUILT_PRODUCTS_DIR)/FlixApp.app/FlixApp";
			};
			name = Release;
		};
		B03FAEDE27B47C0700E8929D /* Debug */ = {
			isa = XCBuildConfiguration;
			buildSettings = {
				ALWAYS_EMBED_SWIFT_STANDARD_LIBRARIES = YES;
				CODE_SIGN_STYLE = Automatic;
				CURRENT_PROJECT_VERSION = 1;
				DEVELOPMENT_TEAM = N2NXH7FL3F;
				GENERATE_INFOPLIST_FILE = YES;
				LD_RUNPATH_SEARCH_PATHS = (
					"$(inherited)",
					"@executable_path/Frameworks",
					"@loader_path/Frameworks",
				);
				MARKETING_VERSION = 1.0;
				PRODUCT_BUNDLE_IDENTIFIER = Philly.FlixAppUITests;
				PRODUCT_NAME = "$(TARGET_NAME)";
				SWIFT_EMIT_LOC_STRINGS = NO;
				SWIFT_VERSION = 5.0;
				TARGETED_DEVICE_FAMILY = "1,2";
				TEST_TARGET_NAME = FlixApp;
			};
			name = Debug;
		};
		B03FAEDF27B47C0700E8929D /* Release */ = {
			isa = XCBuildConfiguration;
			buildSettings = {
				ALWAYS_EMBED_SWIFT_STANDARD_LIBRARIES = YES;
				CODE_SIGN_STYLE = Automatic;
				CURRENT_PROJECT_VERSION = 1;
				DEVELOPMENT_TEAM = N2NXH7FL3F;
				GENERATE_INFOPLIST_FILE = YES;
				LD_RUNPATH_SEARCH_PATHS = (
					"$(inherited)",
					"@executable_path/Frameworks",
					"@loader_path/Frameworks",
				);
				MARKETING_VERSION = 1.0;
				PRODUCT_BUNDLE_IDENTIFIER = Philly.FlixAppUITests;
				PRODUCT_NAME = "$(TARGET_NAME)";
				SWIFT_EMIT_LOC_STRINGS = NO;
				SWIFT_VERSION = 5.0;
				TARGETED_DEVICE_FAMILY = "1,2";
				TEST_TARGET_NAME = FlixApp;
			};
			name = Release;
		};
/* End XCBuildConfiguration section */

/* Begin XCConfigurationList section */
		B03FAEA827B47C0600E8929D /* Build configuration list for PBXProject "FlixApp" */ = {
			isa = XCConfigurationList;
			buildConfigurations = (
				B03FAED527B47C0700E8929D /* Debug */,
				B03FAED627B47C0700E8929D /* Release */,
			);
			defaultConfigurationIsVisible = 0;
			defaultConfigurationName = Release;
		};
		B03FAED727B47C0700E8929D /* Build configuration list for PBXNativeTarget "FlixApp" */ = {
			isa = XCConfigurationList;
			buildConfigurations = (
				B03FAED827B47C0700E8929D /* Debug */,
				B03FAED927B47C0700E8929D /* Release */,
			);
			defaultConfigurationIsVisible = 0;
			defaultConfigurationName = Release;
		};
		B03FAEDA27B47C0700E8929D /* Build configuration list for PBXNativeTarget "FlixAppTests" */ = {
			isa = XCConfigurationList;
			buildConfigurations = (
				B03FAEDB27B47C0700E8929D /* Debug */,
				B03FAEDC27B47C0700E8929D /* Release */,
			);
			defaultConfigurationIsVisible = 0;
			defaultConfigurationName = Release;
		};
		B03FAEDD27B47C0700E8929D /* Build configuration list for PBXNativeTarget "FlixAppUITests" */ = {
			isa = XCConfigurationList;
			buildConfigurations = (
				B03FAEDE27B47C0700E8929D /* Debug */,
				B03FAEDF27B47C0700E8929D /* Release */,
			);
			defaultConfigurationIsVisible = 0;
			defaultConfigurationName = Release;
		};
/* End XCConfigurationList section */
	};
	rootObject = B03FAEA527B47C0600E8929D /* Project object */;
}
